
Microsoft Visual Studio Solution File, Format Version 12.00
# Visual Studio Version 16
VisualStudioVersion = 16.0.29709.97
MinimumVisualStudioVersion = 10.0.40219.1
Project("{FAE04EC0-301F-11D3-BF4B-00C04F79EFBC}") = "Repository", "Repository\Repository.csproj", "{2C4348CB-E359-4CC9-BB26-70A85433920F}"
EndProject
Project("{FAE04EC0-301F-11D3-BF4B-00C04F79EFBC}") = "WebApp", "WebApp\WebApp.csproj", "{5E94FAA4-6C4D-4E0E-9656-1CAE8BFB848F}"
EndProject
Global
	GlobalSection(SolutionConfigurationPlatforms) = preSolution
		Debug|Any CPU = Debug|Any CPU
		Release|Any CPU = Release|Any CPU
	EndGlobalSection
	GlobalSection(ProjectConfigurationPlatforms) = postSolution
		{2C4348CB-E359-4CC9-BB26-70A85433920F}.Debug|Any CPU.ActiveCfg = Debug|Any CPU
		{2C4348CB-E359-4CC9-BB26-70A85433920F}.Debug|Any CPU.Build.0 = Debug|Any CPU
		{2C4348CB-E359-4CC9-BB26-70A85433920F}.Release|Any CPU.ActiveCfg = Release|Any CPU
		{2C4348CB-E359-4CC9-BB26-70A85433920F}.Release|Any CPU.Build.0 = Release|Any CPU
		{5E94FAA4-6C4D-4E0E-9656-1CAE8BFB848F}.Debug|Any CPU.ActiveCfg = Debug|Any CPU
		{5E94FAA4-6C4D-4E0E-9656-1CAE8BFB848F}.Debug|Any CPU.Build.0 = Debug|Any CPU
		{5E94FAA4-6C4D-4E0E-9656-1CAE8BFB848F}.Release|Any CPU.ActiveCfg = Release|Any CPU
		{5E94FAA4-6C4D-4E0E-9656-1CAE8BFB848F}.Release|Any CPU.Build.0 = Release|Any CPU
	EndGlobalSection
	GlobalSection(SolutionProperties) = preSolution
		HideSolutionNode = FALSE
	EndGlobalSection
	GlobalSection(ExtensibilityGlobals) = postSolution
		SolutionGuid = {EB1C78AD-C380-488F-84CF-179F4C7E346E}
	EndGlobalSection
EndGlobal
